
Microsoft Visual Studio Solution File, Format Version 12.00
Project("{FAE04EC0-301F-11D3-BF4B-00C04F79EFBC}") = "PriceCalculator", "PriceCalculator.csproj", "{28A0BDA8-96D6-46E6-80D3-7CE0D04515EF}"
EndProject
Global
	GlobalSection(SolutionConfigurationPlatforms) = preSolution
		Debug|Any CPU = Debug|Any CPU
		Release|Any CPU = Release|Any CPU
	EndGlobalSection
	GlobalSection(ProjectConfigurationPlatforms) = postSolution
		{28A0BDA8-96D6-46E6-80D3-7CE0D04515EF}.Debug|Any CPU.ActiveCfg = Debug|Any CPU
		{28A0BDA8-96D6-46E6-80D3-7CE0D04515EF}.Debug|Any CPU.Build.0 = Debug|Any CPU
		{28A0BDA8-96D6-46E6-80D3-7CE0D04515EF}.Release|Any CPU.ActiveCfg = Release|Any CPU
		{28A0BDA8-96D6-46E6-80D3-7CE0D04515EF}.Release|Any CPU.Build.0 = Release|Any CPU
	EndGlobalSection
EndGlobal
