
Microsoft Visual Studio Solution File, Format Version 12.00
# Visual Studio Version 17
VisualStudioVersion = 17.0.31903.59
MinimumVisualStudioVersion = 10.0.40219.1
Project("{2150E333-8FDC-42A3-9474-1A3956D46DE8}") = "src", "src", "{C59A873E-ABB6-4119-9E61-BDAD0C86A648}"
EndProject
Project("{FAE04EC0-301F-11D3-BF4B-00C04F79EFBC}") = "DroneEnergyControl", "src\DroneEnergyControl\DroneEnergyControl.csproj", "{3C26386B-DD2B-434A-81FA-A6331A6AD173}"
EndProject
Project("{2150E333-8FDC-42A3-9474-1A3956D46DE8}") = "tests", "tests", "{38760223-480D-49EE-9AE7-402F7A802B5E}"
EndProject
Project("{FAE04EC0-301F-11D3-BF4B-00C04F79EFBC}") = "DroneEnergyControl.Tests", "tests\DroneEnergyControl.Tests\DroneEnergyControl.Tests.csproj", "{59F8132E-FC7C-484A-8B93-F440EE83E46F}"
EndProject
Global
	GlobalSection(SolutionConfigurationPlatforms) = preSolution
		Debug|Any CPU = Debug|Any CPU
		Release|Any CPU = Release|Any CPU
	EndGlobalSection
	GlobalSection(SolutionProperties) = preSolution
		HideSolutionNode = FALSE
	EndGlobalSection
	GlobalSection(ProjectConfigurationPlatforms) = postSolution
		{3C26386B-DD2B-434A-81FA-A6331A6AD173}.Debug|Any CPU.ActiveCfg = Debug|Any CPU
		{3C26386B-DD2B-434A-81FA-A6331A6AD173}.Debug|Any CPU.Build.0 = Debug|Any CPU
		{3C26386B-DD2B-434A-81FA-A6331A6AD173}.Release|Any CPU.ActiveCfg = Release|Any CPU
		{3C26386B-DD2B-434A-81FA-A6331A6AD173}.Release|Any CPU.Build.0 = Release|Any CPU
		{59F8132E-FC7C-484A-8B93-F440EE83E46F}.Debug|Any CPU.ActiveCfg = Debug|Any CPU
		{59F8132E-FC7C-484A-8B93-F440EE83E46F}.Debug|Any CPU.Build.0 = Debug|Any CPU
		{59F8132E-FC7C-484A-8B93-F440EE83E46F}.Release|Any CPU.ActiveCfg = Release|Any CPU
		{59F8132E-FC7C-484A-8B93-F440EE83E46F}.Release|Any CPU.Build.0 = Release|Any CPU
	EndGlobalSection
	GlobalSection(NestedProjects) = preSolution
		{3C26386B-DD2B-434A-81FA-A6331A6AD173} = {C59A873E-ABB6-4119-9E61-BDAD0C86A648}
		{59F8132E-FC7C-484A-8B93-F440EE83E46F} = {38760223-480D-49EE-9AE7-402F7A802B5E}
	EndGlobalSection
EndGlobal
